
Microsoft Visual Studio Solution File, Format Version 12.00
# Visual Studio 15
VisualStudioVersion = 15.0.27004.2005
MinimumVisualStudioVersion = 10.0.40219.1
Project("{8BC9CEB8-8B4A-11D0-8D11-00A0C91BC942}") = "Project1", "Project1\Project1.vcxproj", "{475158A0-7AD6-40D0-89A1-437C1C839917}"
EndProject
Global
	GlobalSection(SolutionConfigurationPlatforms) = preSolution
		Debug|x64 = Debug|x64
		Debug|x86 = Debug|x86
		Release|x64 = Release|x64
		Release|x86 = Release|x86
	EndGlobalSection
	GlobalSection(ProjectConfigurationPlatforms) = postSolution
		{475158A0-7AD6-40D0-89A1-437C1C839917}.Debug|x64.ActiveCfg = Debug|x64
		{475158A0-7AD6-40D0-89A1-437C1C839917}.Debug|x64.Build.0 = Debug|x64
		{475158A0-7AD6-40D0-89A1-437C1C839917}.Debug|x86.ActiveCfg = Debug|Win32
		{475158A0-7AD6-40D0-89A1-437C1C839917}.Debug|x86.Build.0 = Debug|Win32
		{475158A0-7AD6-40D0-89A1-437C1C839917}.Release|x64.ActiveCfg = Release|x64
		{475158A0-7AD6-40D0-89A1-437C1C839917}.Release|x64.Build.0 = Release|x64
		{475158A0-7AD6-40D0-89A1-437C1C839917}.Release|x86.ActiveCfg = Release|Win32
		{475158A0-7AD6-40D0-89A1-437C1C839917}.Release|x86.Build.0 = Release|Win32
	EndGlobalSection
	GlobalSection(SolutionProperties) = preSolution
		HideSolutionNode = FALSE
	EndGlobalSection
	GlobalSection(ExtensibilityGlobals) = postSolution
		SolutionGuid = {F3A74C3C-9B85-41AE-AF07-E258EC47E64D}
	EndGlobalSection
EndGlobal
